# This file is @generated by PDM.
# It is not intended for manual editing.

[metadata]
groups = ["default"]
strategy = ["inherit_metadata"]
lock_version = "4.5.0"
content_hash = "sha256:1226aa257ddb6b586fc69fa0f1fc750dbe6faf62a4de491121343a8cfc6790f1"

[[metadata.targets]]
requires_python = ">=3.10"

[[package]]
name = "anyio"
version = "4.14.2"
requires_python = ">=3.10"
summary = "High-level concurrency and networking framework on top of asyncio or Trio"
groups = ["default"]
dependencies = [
    "exceptiongroup>=1.0.2; python_version < \"3.11\"",
    "idna>=2.8",
    "typing-extensions>=4.5; python_version < \"3.13\"",
]
files = [
    {file = "anyio-4.14.2-py3-none-any.whl", hash = "sha256:9f505dda5ac9f0c8309b5e8bd445a8c2bf7246f3ce950121e45ea15bc41d1494"},
    {file = "anyio-4.14.2.tar.gz", hash = "sha256:cfa139f3ed1a23ee8f88a145ddb5ac7605b8bbfd8592baacd7ce3d8bb4313c7f"},
]

[[package]]
name = "exceptiongroup"
version = "1.3.1"
requires_python = ">=3.7"
summary = "Backport of PEP 654 (exception groups)"
groups = ["default"]
marker = "python_version < \"3.11\""
dependencies = [
    "typing-extensions>=4.6.0; python_version < \"3.13\"",
]
files = [
    {file = "exceptiongroup-1.3.1-py3-none-any.whl", hash = "sha256:a7a39a3bd276781e98394987d3a5701d0c4edffb633bb7a5144577f82c773598"},
    {file = "exceptiongroup-1.3.1.tar.gz", hash = "sha256:8b412432c6055b0b7d14c310000ae93352ed6754f70fa8f7c34141f91c4e3219"},
]

[[package]]
name = "h11"
version = "0.16.0"
requires_python = ">=3.8"
summary = "A pure-Python, bring-your-own-I/O implementation of HTTP/1.1"
groups = ["default"]
files = [
    {file = "h11-0.16.0-py3-none-any.whl", hash = "sha256:63cf8bbe7522de3bf65932fda1d9c2772064ffb3dae62d55932da54b31cb6c86"},
    {file = "h11-0.16.0.tar.gz", hash = "sha256:4e35b956cf45792e4caa5885e69fba00bdbc6ffafbfa020300e549b208ee5ff1"},
]

[[package]]
name = "httpcore2"
version = "2.7.0"
requires_python = ">=3.10"
summary = "A minimal low-level HTTP client."
groups = ["default"]
dependencies = [
    "h11>=0.16",
    "truststore>=0.10",
]
files = [
    {file = "httpcore2-2.7.0-py3-none-any.whl", hash = "sha256:1452f589fe23f55b44546cd884294c41a29330af902bc0b71a761fd52d18f92b"},
    {file = "httpcore2-2.7.0.tar.gz", hash = "sha256:6dc0fedf329a52a990930a5579edfebaea81118ea700ea0dd7de2b5e5be49efc"},
]

[[package]]
name = "httpx2"
version = "2.7.0"
requires_python = ">=3.10"
summary = "The next generation HTTP client."
groups = ["default"]
dependencies = [
    "anyio>=4.10",
    "httpcore2==2.7.0",
    "idna>=3.18",
    "truststore>=0.10",
    "typing-extensions>=4.5.0; python_version < \"3.13\"",
]
files = [
    {file = "httpx2-2.7.0-py3-none-any.whl", hash = "sha256:ed2a2719c696789e09493bd8e2bec3d8bd925cc6e26b68389ec25ade132f7bf4"},
    {file = "httpx2-2.7.0.tar.gz", hash = "sha256:8b30709aed5c8465b0dd3b95c09ce301c8f79e7e7a2d00ab0af551e0d0375b07"},
]

[[package]]
name = "idna"
version = "3.18"
requires_python = ">=3.9"
summary = "Internationalized Domain Names in Applications (IDNA)"
groups = ["default"]
files = [
    {file = "idna-3.18-py3-none-any.whl", hash = "sha256:7f952cbe720b688055e3f87de14f5c3e5fdaa8bc3928985c4077ca689de849a2"},
    {file = "idna-3.18.tar.gz", hash = "sha256:ffb385a7e039654cef1ab9ef32c6fafe283c0c0467bba1d9029738ce4a14a848"},
]

[[package]]
name = "selectolax"
version = "0.4.1"
requires_python = ">=3.9"
summary = "Fast HTML5 parser with CSS selectors."
groups = ["default"]
files = [
    {file = "selectolax-0.4.1-cp310-cp310-macosx_10_9_x86_64.whl", hash = "sha256:e2c39bffad15247afe4cef9fcc752879ad68e7c872be750448aca3b1fa5e5ece"},
    {file = "selectolax-0.4.1-cp310-cp310-macosx_11_0_arm64.whl", hash = "sha256:ed4e2144b0d4c518480bdbf7dc1f595219c4f91cfcfb48b716a083575d439806"},
    {file = "selectolax-0.4.1-cp310-cp310-manylinux2014_aarch64.manylinux_2_17_aarch64.manylinux_2_28_aarch64.whl", hash = "sha256:1436837403871249ec6bb7c1b7fc571996e3e49fe9042a0631f15c8255664e07"},
    {file = "selectolax-0.4.1-cp310-cp310-manylinux2014_x86_64.manylinux_2_17_x86_64.manylinux_2_28_x86_64.whl", hash = "sha256:d856ddff667ac9fde529228719e142cd4a4cf033d41b7e5da20e216fdcc3f974"},
    {file = "selectolax-0.4.1-cp310-cp310-musllinux_1_2_aarch64.whl", hash = "sha256:21ca0ddaf259abc7adea24bb8e48852aab8937e12d7343a401a08a5be185f984"},
    {file = "selectolax-0.4.1-cp310-cp310-musllinux_1_2_x86_64.whl", hash = "sha256:9c5c7a11d5e688ba30eb0df18829eebe77d527324dfd6273a8ea5f32367b439b"},
    {file = "selectolax-0.4.1-cp310-cp310-win32.whl", hash = "sha256:c366e0618c215029f6dd37717acc092387107fdbaf5c9d1595356e943824778c"},
    {file = "selectolax-0.4.1-cp310-cp310-win_amd64.whl", hash = "sha256:5387c4673c460516a7e42cd9d3d7a68a7f4738d11f35e1e6e4c5d0c80a7446ea"},
    {file = "selectolax-0.4.1-cp310-cp310-win_arm64.whl", hash = "sha256:b47474ecd10c6142f5543c6d2cb7449c073dd4930a4761808cf40c173eeca273"},
    {file = "selectolax-0.4.1-cp311-cp311-macosx_10_9_x86_64.whl", hash = "sha256:7fdb85ee8019ae6507ead4ed6763cf42b0ef9732fa4c1db80756ab6e330b99a9"},
    {file = "selectolax-0.4.1-cp311-cp311-macosx_11_0_arm64.whl", hash = "sha256:0d4d9324ba9b3fd814f670fa00721dd1e034f83cce9ae5669abf1d20e6506845"},
    {file = "selectolax-0.4.1-cp311-cp311-manylinux2014_aarch64.manylinux_2_17_aarch64.manylinux_2_28_aarch64.whl", hash = "sha256:b09c36be9aff672686b180a0c684426a8fa9881fc798bdf428dfd93509c5dce8"},
    {file = "selectolax-0.4.1-cp311-cp311-manylinux2014_x86_64.manylinux_2_17_x86_64.manylinux_2_28_x86_64.whl", hash = "sha256:74f3ea7678c79f31c36d1a674ab9c3046aa9a98fadb2c80637b608edbfd1908a"},
    {file = "selectolax-0.4.1-cp311-cp311-musllinux_1_2_aarch64.whl", hash = "sha256:2237dbf51a3d596e2e2a887da74ed25c80a6058fb1e3d17f91f7ed45653a92bf"},
    {file = "selectolax-0.4.1-cp311-cp311-musllinux_1_2_x86_64.whl", hash = "sha256:80e43bd84a5af2c6bb34c489eb172d9f3f7bf757c935f099bcd7b2ce920e66da"},
    {file = "selectolax-0.4.1-cp311-cp311-win32.whl", hash = "sha256:bca7c37dd8bca2cfb41ba2e63f3bf04823c2d986ee7831ca2e81dbb4d7278f78"},
    {file = "selectolax-0.4.1-cp311-cp311-win_amd64.whl", hash = "sha256:73f46fc397b309ec472134c8d59b02c90d5bd171acb2c1368b4d75c8a139bb4d"},
    {file = "selectolax-0.4.1-cp311-cp311-win_arm64.whl", hash = "sha256:13c17c0a4be4cc877ae670096aa7152b1c23a700d44231fc5db4657cc4c3add7"},
    {file = "selectolax-0.4.1-cp312-cp312-macosx_10_13_x86_64.whl", hash = "sha256:a1dae8dacc0915d23fb81063dd937393f769aff3a9d24e6b499c02a008766f37"},
    {file = "selectolax-0.4.1-cp312-cp312-macosx_11_0_arm64.whl", hash = "sha256:dd800f6ef54da4086934db1b4b569acfbbe69d5f4f9959dddbbfaff67b890c23"},
    {file = "selectolax-0.4.1-cp312-cp312-manylinux2014_aarch64.manylinux_2_17_aarch64.manylinux_2_28_aarch64.whl", hash = "sha256:4a0ededa5361287a6a8bde2b94d2ac920529079fd643e3e9e27cc927004dd65e"},
    {file = "selectolax-0.4.1-cp312-cp312-manylinux2014_x86_64.manylinux_2_17_x86_64.manylinux_2_28_x86_64.whl", hash = "sha256:ac9491a1b29f712695cd3c32f75722775cb7ee70236023df696f462299b590fe"},
    {file = "selectolax-0.4.1-cp312-cp312-musllinux_1_2_aarch64.whl", hash = "sha256:677bfed36aeea126e28a601aeba5f8dff7a42c808e0a55a2deac7c4599177aba"},
    {file = "selectolax-0.4.1-cp312-cp312-musllinux_1_2_x86_64.whl", hash = "sha256:ff58c34e76010f9ef17b94a7481404ad143d7560142e077c38ea291e982b1ef7"},
    {file = "selectolax-0.4.1-cp312-cp312-win32.whl", hash = "sha256:1d6786f77eb9fd27cd6acd4009aefa6a6924553b40bc3be7e24201de55a8fc3f"},
    {file = "selectolax-0.4.1-cp312-cp312-win_amd64.whl", hash = "sha256:b14d8259f819c72ce11454fd6b1466da1a03c9b7bbe0170d577cb0acc1258ea6"},
    {file = "selectolax-0.4.1-cp312-cp312-win_arm64.whl", hash = "sha256:6a8acdcd6452b66e094d0aa0db1d0aa1a752ddf98a4907fd87253c7ab1314768"},
    {file = "selectolax-0.4.1-cp313-cp313-macosx_10_13_x86_64.whl", hash = "sha256:97964efa178891820c4ac4921260d47be3a0cfb3d7c6f8090ad7bacd3a546176"},
    {file = "selectolax-0.4.1-cp313-cp313-macosx_11_0_arm64.whl", hash = "sha256:67c0c28c50e79bd524dd0ad8050ac669d198608144d6b68b81b087221163caa5"},
    {file = "selectolax-0.4.1-cp313-cp313-manylinux2014_aarch64.manylinux_2_17_aarch64.manylinux_2_28_aarch64.whl", hash = "sha256:406fa1597ec6e1b0bd30051f114a9497aab28a37d1f1c6693372485df4fa8c03"},
    {file = "selectolax-0.4.1-cp313-cp313-manylinux2014_x86_64.manylinux_2_17_x86_64.manylinux_2_28_x86_64.whl", hash = "sha256:068b75e52dfea7f46a8f3ab86d8318e42e06f02274c55558877cbf3bdc93c00e"},
    {file = "selectolax-0.4.1-cp313-cp313-musllinux_1_2_aarch64.whl", hash = "sha256:57fa60ac22171d03877497d0fe02f3de6b750c99f11c9c1a6dbb8a234b2021ef"},
    {file = "selectolax-0.4.1-cp313-cp313-musllinux_1_2_x86_64.whl", hash = "sha256:d3e04c450e510a22468aa063227d40a1eac155d78852f215ed3c1b718378eb26"},
    {file = "selectolax-0.4.1-cp313-cp313-win32.whl", hash = "sha256:0b564904c3b1e4700f3046884a9d4abc3bbe1e05debb2d2871deeb664e9afe35"},
    {file = "selectolax-0.4.1-cp313-cp313-win_amd64.whl", hash = "sha256:44c4654d8519d1c016e8ef2db75f16b63c2635505da5ab6702043cbb340b484e"},
    {file = "selectolax-0.4.1-cp313-cp313-win_arm64.whl", hash = "sha256:79d7c150d70168aa817fe91b0e026574e14475122429e3fa4659e77efa28128b"},
    {file = "selectolax-0.4.1-cp314-cp314-macosx_10_13_x86_64.whl", hash = "sha256:058fbf1fcbe7d91cb865917ee9f76b2ad86668e8ddd071495b1ad30c112a1869"},
    {file = "selectolax-0.4.1-cp314-cp314-macosx_11_0_arm64.whl", hash = "sha256:e81cd405ccb59c96f89a2e3c9bf928072cd37024613b7e2f6a0c34fb933f5517"},
    {file = "selectolax-0.4.1-cp314-cp314-manylinux2014_aarch64.manylinux_2_17_aarch64.manylinux_2_28_aarch64.whl", hash = "sha256:b356ba11a3666499a96ac4e20f1ce847d49501df15b1fdbb79d2387f6608f7d6"},
    {file = "selectolax-0.4.1-cp314-cp314-manylinux2014_x86_64.manylinux_2_17_x86_64.manylinux_2_28_x86_64.whl", hash = "sha256:c6447adabd584c7c60cf8ce5c6cd30b4b410061d838d94a69e18dab467325618"},
    {file = "selectolax-0.4.1-cp314-cp314-musllinux_1_2_aarch64.whl", hash = "sha256:6104aea4b2e7407edbbc9a9545698e9f3df3c6a4c47f204a83568b0728366905"},
    {file = "selectolax-0.4.1-cp314-cp314-musllinux_1_2_x86_64.whl", hash = "sha256:bce67e316c6ab957bd0a46c8df2f14c2a7bcc7752ece3b570724092ec84245ca"},
    {file = "selectolax-0.4.1-cp314-cp314-win32.whl", hash = "sha256:a6a93d5964a0f9b580d37e8aebf13ca2a37804e9d75d6481b016f9a4770d4a39"},
    {file = "selectolax-0.4.1-cp314-cp314-win_amd64.whl", hash = "sha256:d702743f9e69d101305d9cf3b2d92aebc0acae806bb0c113dd9ba2c78e80b9cd"},
    {file = "selectolax-0.4.1-cp314-cp314-win_arm64.whl", hash = "sha256:6edbe6ecee7da69211828425116521b3e62111351c4c3e344e4da257275004f7"},
    {file = "selectolax-0.4.1-cp314-cp314t-macosx_10_13_x86_64.whl", hash = "sha256:93320c0f1f81ad686f804ebec1024bb22a3ac696b77aa5087809faccfc65f901"},
    {file = "selectolax-0.4.1-cp314-cp314t-macosx_11_0_arm64.whl", hash = "sha256:2efcc875cc9b7d80ea0becce5a4cdf2f7f552a38de51dc0f80fd59048045d48b"},
    {file = "selectolax-0.4.1-cp314-cp314t-manylinux2014_aarch64.manylinux_2_17_aarch64.manylinux_2_28_aarch64.whl", hash = "sha256:9f4374159c4816767bb5a0c47a2fc3dc65d3f1c53b614876e6e66f8ad5009577"},
    {file = "selectolax-0.4.1-cp314-cp314t-manylinux2014_x86_64.manylinux_2_17_x86_64.manylinux_2_28_x86_64.whl", hash = "sha256:140db53496eb6d15fca187ca85e770bb889d5eb0994c0173f9a56513f31d5a46"},
    {file = "selectolax-0.4.1-cp314-cp314t-musllinux_1_2_aarch64.whl", hash = "sha256:e52a3eccb0d9da471ea09b4000e4d0a32e5094cfad76d17d2311b48e9b49046a"},
    {file = "selectolax-0.4.1-cp314-cp314t-musllinux_1_2_x86_64.whl", hash = "sha256:aad323017fc75dd0543b9617ce2c99db49efba787a74904d45e7e036d545c0a1"},
    {file = "selectolax-0.4.1-cp314-cp314t-win32.whl", hash = "sha256:434b18ae66566c7b376513585c89c05dd77f67feaf5eb0687e96786398da403b"},
    {file = "selectolax-0.4.1-cp314-cp314t-win_amd64.whl", hash = "sha256:7ee47eccd9f9705f784b872cbaa8328b27878b7fe3e060ca5a27125a9b47034f"},
    {file = "selectolax-0.4.1-cp314-cp314t-win_arm64.whl", hash = "sha256:2d2e2944b28ccbbaa7cb403fe86702fef616a35421bc5cbd6a618ad3dce3dac2"},
    {file = "selectolax-0.4.1.tar.gz", hash = "sha256:f0cca2d4cc2e69d8ef9864071efcf4fc97f5afc042f9becee045dff63c09be43"},
]

[[package]]
name = "truststore"
version = "0.10.4"
requires_python = ">=3.10"
summary = "Verify certificates using native system trust stores"
groups = ["default"]
files = [
    {file = "truststore-0.10.4-py3-none-any.whl", hash = "sha256:adaeaecf1cbb5f4de3b1959b42d41f6fab57b2b1666adb59e89cb0b53361d981"},
    {file = "truststore-0.10.4.tar.gz", hash = "sha256:9d91bd436463ad5e4ee4aba766628dd6cd7010cf3e2461756b3303710eebc301"},
]

[[package]]
name = "typing-extensions"
version = "4.16.0"
requires_python = ">=3.9"
summary = "Backported and Experimental Type Hints for Python 3.9+"
groups = ["default"]
marker = "python_version < \"3.13\""
files = [
    {file = "typing_extensions-4.16.0-py3-none-any.whl", hash = "sha256:481caa481374e813c1b176ada14e97f1f67a4539ce9cfeb3f350d78d6370c2e8"},
    {file = "typing_extensions-4.16.0.tar.gz", hash = "sha256:dc983d19a509c94dba722ee6abd33940f7c05a89e243c47e907eb4db6f1a43e5"},
]
